
Microsoft Visual Studio Solution File, Format Version 12.00
# Visual Studio Version 17
VisualStudioVersion = 17.14.36414.22 d17.14
MinimumVisualStudioVersion = 10.0.40219.1
Project("{2150E333-8FDC-42A3-9474-1A3956D46DE8}") = "Task0", "Task0", "{02EA681E-C7D8-13C7-8484-4AC65E1B71E8}"
EndProject
Project("{FAE04EC0-301F-11D3-BF4B-00C04F79EFBC}") = "Tyuiu.AlbornozJ.Sprint3.Task0.V28", "Tyuiu.AlbornozJ.Sprint3.Task0.V28\Tyuiu.AlbornozJ.Sprint3.Task0.V28.csproj", "{005B486B-4DA1-4F2E-9E37-A200BE23D527}"
EndProject
Project("{FAE04EC0-301F-11D3-BF4B-00C04F79EFBC}") = "Tyuiu.AlbornozJ.Sprint3.Task0.V28.Lib", "Tyuiu.AlbornozJ.Sprint3.Task0.V28.Lib\Tyuiu.AlbornozJ.Sprint3.Task0.V28.Lib.csproj", "{73BD57FB-F44C-4B13-B548-5987FE23CE09}"
EndProject
Project("{FAE04EC0-301F-11D3-BF4B-00C04F79EFBC}") = "Tyuiu.AlbornozJ.Sprint3.Task0.V28.Test", "Tyuiu.AlbornozJ.Sprint3.Task0.V28.Test\Tyuiu.AlbornozJ.Sprint3.Task0.V28.Test.csproj", "{7347127A-DC72-4160-AF3F-292AC5D69157}"
EndProject
Global
	GlobalSection(SolutionConfigurationPlatforms) = preSolution
		Debug|Any CPU = Debug|Any CPU
		Release|Any CPU = Release|Any CPU
	EndGlobalSection
	GlobalSection(ProjectConfigurationPlatforms) = postSolution
		{005B486B-4DA1-4F2E-9E37-A200BE23D527}.Debug|Any CPU.ActiveCfg = Debug|Any CPU
		{005B486B-4DA1-4F2E-9E37-A200BE23D527}.Debug|Any CPU.Build.0 = Debug|Any CPU
		{005B486B-4DA1-4F2E-9E37-A200BE23D527}.Release|Any CPU.ActiveCfg = Release|Any CPU
		{005B486B-4DA1-4F2E-9E37-A200BE23D527}.Release|Any CPU.Build.0 = Release|Any CPU
		{73BD57FB-F44C-4B13-B548-5987FE23CE09}.Debug|Any CPU.ActiveCfg = Debug|Any CPU
		{73BD57FB-F44C-4B13-B548-5987FE23CE09}.Debug|Any CPU.Build.0 = Debug|Any CPU
		{73BD57FB-F44C-4B13-B548-5987FE23CE09}.Release|Any CPU.ActiveCfg = Release|Any CPU
		{73BD57FB-F44C-4B13-B548-5987FE23CE09}.Release|Any CPU.Build.0 = Release|Any CPU
		{7347127A-DC72-4160-AF3F-292AC5D69157}.Debug|Any CPU.ActiveCfg = Debug|Any CPU
		{7347127A-DC72-4160-AF3F-292AC5D69157}.Debug|Any CPU.Build.0 = Debug|Any CPU
		{7347127A-DC72-4160-AF3F-292AC5D69157}.Release|Any CPU.ActiveCfg = Release|Any CPU
		{7347127A-DC72-4160-AF3F-292AC5D69157}.Release|Any CPU.Build.0 = Release|Any CPU
	EndGlobalSection
	GlobalSection(SolutionProperties) = preSolution
		HideSolutionNode = FALSE
	EndGlobalSection
	GlobalSection(NestedProjects) = preSolution
		{005B486B-4DA1-4F2E-9E37-A200BE23D527} = {02EA681E-C7D8-13C7-8484-4AC65E1B71E8}
		{73BD57FB-F44C-4B13-B548-5987FE23CE09} = {02EA681E-C7D8-13C7-8484-4AC65E1B71E8}
		{7347127A-DC72-4160-AF3F-292AC5D69157} = {02EA681E-C7D8-13C7-8484-4AC65E1B71E8}
	EndGlobalSection
	GlobalSection(ExtensibilityGlobals) = postSolution
		SolutionGuid = {554A916E-671B-4328-BB65-CE1F77F721A4}
	EndGlobalSection
EndGlobal
