
Microsoft Visual Studio Solution File, Format Version 12.00
# Visual Studio Version 17
VisualStudioVersion = 17.14.36414.22
MinimumVisualStudioVersion = 10.0.40219.1
Project("{2150E333-8FDC-42A3-9474-1A3956D46DE8}") = "Task0", "Task0", "{02EA681E-C7D8-13C7-8484-4AC65E1B71E8}"
EndProject
Project("{FAE04EC0-301F-11D3-BF4B-00C04F79EFBC}") = "Tyuiu.AlbornozJ.Sprint3.Task0.V28", "Tyuiu.AlbornozJ.Sprint3.Task0.V28\Tyuiu.AlbornozJ.Sprint3.Task0.V28.csproj", "{005B486B-4DA1-4F2E-9E37-A200BE23D527}"
EndProject
Project("{FAE04EC0-301F-11D3-BF4B-00C04F79EFBC}") = "Tyuiu.AlbornozJ.Sprint3.Task0.V28.Lib", "Tyuiu.AlbornozJ.Sprint3.Task0.V28.Lib\Tyuiu.AlbornozJ.Sprint3.Task0.V28.Lib.csproj", "{73BD57FB-F44C-4B13-B548-5987FE23CE09}"
EndProject
Project("{FAE04EC0-301F-11D3-BF4B-00C04F79EFBC}") = "Tyuiu.AlbornozJ.Sprint3.Task0.V28.Test", "Tyuiu.AlbornozJ.Sprint3.Task0.V28.Test\Tyuiu.AlbornozJ.Sprint3.Task0.V28.Test.csproj", "{7347127A-DC72-4160-AF3F-292AC5D69157}"
EndProject
Project("{2150E333-8FDC-42A3-9474-1A3956D46DE8}") = "Task1", "Task1", "{6DA13DC2-A5C7-4575-AF53-925B06937E4F}"
EndProject
Project("{FAE04EC0-301F-11D3-BF4B-00C04F79EFBC}") = "Tyuiu.AlbornozJ.Sprint3.Task1.V16", "Tyuiu.AlbornozJ.Sprint3.Task1.V16\Tyuiu.AlbornozJ.Sprint3.Task1.V16.csproj", "{A6F211EC-ECA3-47D9-83E6-2A3C037CAB5F}"
EndProject
Project("{FAE04EC0-301F-11D3-BF4B-00C04F79EFBC}") = "Tyuiu.AlbornozJ.Sprint3.Task1.V16.Lib", "Tyuiu.AlbornozJ.Sprint3.Task1.V16.Lib\Tyuiu.AlbornozJ.Sprint3.Task1.V16.Lib.csproj", "{FC4E2228-CF93-4772-9A3C-2D36069D62A8}"
EndProject
Project("{FAE04EC0-301F-11D3-BF4B-00C04F79EFBC}") = "Tyuiu.AlbornozJ.Sprint3.Task1.V16.Test", "Tyuiu.AlbornozJ.Sprint3.Task1.V16.Test\Tyuiu.AlbornozJ.Sprint3.Task1.V16.Test.csproj", "{03B33BD2-B8D3-47B6-B76A-642A1716DF2B}"
EndProject
Project("{2150E333-8FDC-42A3-9474-1A3956D46DE8}") = "Task2", "Task2", "{BC20AEAB-7828-4B64-BA86-3A6A7FCE9768}"
EndProject
Project("{FAE04EC0-301F-11D3-BF4B-00C04F79EFBC}") = "Tyuiu.AlbornozJ.Sprint3.Task2.V15", "Tyuiu.AlbornozJ.Sprint3.Task2.V15\Tyuiu.AlbornozJ.Sprint3.Task2.V15.csproj", "{C575F0D2-13DA-4DCB-ABBE-65ABCA6342B6}"
EndProject
Project("{FAE04EC0-301F-11D3-BF4B-00C04F79EFBC}") = "Tyuiu.AlbornozJ.Sprint3.Task2.V15.Lib", "Tyuiu.AlbornozJ.Sprint3.Task2.V15.Lib\Tyuiu.AlbornozJ.Sprint3.Task2.V15.Lib.csproj", "{3BC5404F-6454-4E6E-8E6B-A29454CA12D9}"
EndProject
Project("{FAE04EC0-301F-11D3-BF4B-00C04F79EFBC}") = "Tyuiu.AlbornozJ.Sprint3.Task2.V15.Test", "Tyuiu.AlbornozJ.Sprint3.Task2.V15.Test\Tyuiu.AlbornozJ.Sprint3.Task2.V15.Test.csproj", "{B1AB205F-C021-487C-A4CC-F57857C32EB8}"
EndProject
Project("{2150E333-8FDC-42A3-9474-1A3956D46DE8}") = "Task3", "Task3", "{593F2993-97C6-4FE8-A92F-A9B2E241A5EC}"
EndProject
Project("{FAE04EC0-301F-11D3-BF4B-00C04F79EFBC}") = "Tyuiu.AlbornozJ.Sprint3.Task3.V17", "Tyuiu.AlbornozJ.Sprint3.Task3.V17\Tyuiu.AlbornozJ.Sprint3.Task3.V17.csproj", "{976A1592-58DB-4D20-A2D6-8BCE015090FB}"
EndProject
Project("{FAE04EC0-301F-11D3-BF4B-00C04F79EFBC}") = "Tyuiu.AlbornozJ.Sprint3.Task3.V17.Lib", "Tyuiu.AlbornozJ.Sprint3.Task3.V17.Lib\Tyuiu.AlbornozJ.Sprint3.Task3.V17.Lib.csproj", "{7D8AC7FB-F21F-4BE5-82D8-E07F66278D43}"
EndProject
Project("{FAE04EC0-301F-11D3-BF4B-00C04F79EFBC}") = "Tyuiu.AlbornozJ.Sprint3.Task3.V17.Test", "Tyuiu.AlbornozJ.Sprint3.Task3.V17.Test\Tyuiu.AlbornozJ.Sprint3.Task3.V17.Test.csproj", "{025FF549-52B5-4807-8A8A-FF67A071A190}"
EndProject
Global
	GlobalSection(SolutionConfigurationPlatforms) = preSolution
		Debug|Any CPU = Debug|Any CPU
		Release|Any CPU = Release|Any CPU
	EndGlobalSection
	GlobalSection(ProjectConfigurationPlatforms) = postSolution
		{005B486B-4DA1-4F2E-9E37-A200BE23D527}.Debug|Any CPU.ActiveCfg = Debug|Any CPU
		{005B486B-4DA1-4F2E-9E37-A200BE23D527}.Debug|Any CPU.Build.0 = Debug|Any CPU
		{005B486B-4DA1-4F2E-9E37-A200BE23D527}.Release|Any CPU.ActiveCfg = Release|Any CPU
		{005B486B-4DA1-4F2E-9E37-A200BE23D527}.Release|Any CPU.Build.0 = Release|Any CPU
		{73BD57FB-F44C-4B13-B548-5987FE23CE09}.Debug|Any CPU.ActiveCfg = Debug|Any CPU
		{73BD57FB-F44C-4B13-B548-5987FE23CE09}.Debug|Any CPU.Build.0 = Debug|Any CPU
		{73BD57FB-F44C-4B13-B548-5987FE23CE09}.Release|Any CPU.ActiveCfg = Release|Any CPU
		{73BD57FB-F44C-4B13-B548-5987FE23CE09}.Release|Any CPU.Build.0 = Release|Any CPU
		{7347127A-DC72-4160-AF3F-292AC5D69157}.Debug|Any CPU.ActiveCfg = Debug|Any CPU
		{7347127A-DC72-4160-AF3F-292AC5D69157}.Debug|Any CPU.Build.0 = Debug|Any CPU
		{7347127A-DC72-4160-AF3F-292AC5D69157}.Release|Any CPU.ActiveCfg = Release|Any CPU
		{7347127A-DC72-4160-AF3F-292AC5D69157}.Release|Any CPU.Build.0 = Release|Any CPU
		{A6F211EC-ECA3-47D9-83E6-2A3C037CAB5F}.Debug|Any CPU.ActiveCfg = Debug|Any CPU
		{A6F211EC-ECA3-47D9-83E6-2A3C037CAB5F}.Debug|Any CPU.Build.0 = Debug|Any CPU
		{A6F211EC-ECA3-47D9-83E6-2A3C037CAB5F}.Release|Any CPU.ActiveCfg = Release|Any CPU
		{A6F211EC-ECA3-47D9-83E6-2A3C037CAB5F}.Release|Any CPU.Build.0 = Release|Any CPU
		{FC4E2228-CF93-4772-9A3C-2D36069D62A8}.Debug|Any CPU.ActiveCfg = Debug|Any CPU
		{FC4E2228-CF93-4772-9A3C-2D36069D62A8}.Debug|Any CPU.Build.0 = Debug|Any CPU
		{FC4E2228-CF93-4772-9A3C-2D36069D62A8}.Release|Any CPU.ActiveCfg = Release|Any CPU
		{FC4E2228-CF93-4772-9A3C-2D36069D62A8}.Release|Any CPU.Build.0 = Release|Any CPU
		{03B33BD2-B8D3-47B6-B76A-642A1716DF2B}.Debug|Any CPU.ActiveCfg = Debug|Any CPU
		{03B33BD2-B8D3-47B6-B76A-642A1716DF2B}.Debug|Any CPU.Build.0 = Debug|Any CPU
		{03B33BD2-B8D3-47B6-B76A-642A1716DF2B}.Release|Any CPU.ActiveCfg = Release|Any CPU
		{03B33BD2-B8D3-47B6-B76A-642A1716DF2B}.Release|Any CPU.Build.0 = Release|Any CPU
		{C575F0D2-13DA-4DCB-ABBE-65ABCA6342B6}.Debug|Any CPU.ActiveCfg = Debug|Any CPU
		{C575F0D2-13DA-4DCB-ABBE-65ABCA6342B6}.Debug|Any CPU.Build.0 = Debug|Any CPU
		{C575F0D2-13DA-4DCB-ABBE-65ABCA6342B6}.Release|Any CPU.ActiveCfg = Release|Any CPU
		{C575F0D2-13DA-4DCB-ABBE-65ABCA6342B6}.Release|Any CPU.Build.0 = Release|Any CPU
		{3BC5404F-6454-4E6E-8E6B-A29454CA12D9}.Debug|Any CPU.ActiveCfg = Debug|Any CPU
		{3BC5404F-6454-4E6E-8E6B-A29454CA12D9}.Debug|Any CPU.Build.0 = Debug|Any CPU
		{3BC5404F-6454-4E6E-8E6B-A29454CA12D9}.Release|Any CPU.ActiveCfg = Release|Any CPU
		{3BC5404F-6454-4E6E-8E6B-A29454CA12D9}.Release|Any CPU.Build.0 = Release|Any CPU
		{B1AB205F-C021-487C-A4CC-F57857C32EB8}.Debug|Any CPU.ActiveCfg = Debug|Any CPU
		{B1AB205F-C021-487C-A4CC-F57857C32EB8}.Debug|Any CPU.Build.0 = Debug|Any CPU
		{B1AB205F-C021-487C-A4CC-F57857C32EB8}.Release|Any CPU.ActiveCfg = Release|Any CPU
		{B1AB205F-C021-487C-A4CC-F57857C32EB8}.Release|Any CPU.Build.0 = Release|Any CPU
		{976A1592-58DB-4D20-A2D6-8BCE015090FB}.Debug|Any CPU.ActiveCfg = Debug|Any CPU
		{976A1592-58DB-4D20-A2D6-8BCE015090FB}.Debug|Any CPU.Build.0 = Debug|Any CPU
		{976A1592-58DB-4D20-A2D6-8BCE015090FB}.Release|Any CPU.ActiveCfg = Release|Any CPU
		{976A1592-58DB-4D20-A2D6-8BCE015090FB}.Release|Any CPU.Build.0 = Release|Any CPU
		{7D8AC7FB-F21F-4BE5-82D8-E07F66278D43}.Debug|Any CPU.ActiveCfg = Debug|Any CPU
		{7D8AC7FB-F21F-4BE5-82D8-E07F66278D43}.Debug|Any CPU.Build.0 = Debug|Any CPU
		{7D8AC7FB-F21F-4BE5-82D8-E07F66278D43}.Release|Any CPU.ActiveCfg = Release|Any CPU
		{7D8AC7FB-F21F-4BE5-82D8-E07F66278D43}.Release|Any CPU.Build.0 = Release|Any CPU
		{025FF549-52B5-4807-8A8A-FF67A071A190}.Debug|Any CPU.ActiveCfg = Debug|Any CPU
		{025FF549-52B5-4807-8A8A-FF67A071A190}.Debug|Any CPU.Build.0 = Debug|Any CPU
		{025FF549-52B5-4807-8A8A-FF67A071A190}.Release|Any CPU.ActiveCfg = Release|Any CPU
		{025FF549-52B5-4807-8A8A-FF67A071A190}.Release|Any CPU.Build.0 = Release|Any CPU
	EndGlobalSection
	GlobalSection(SolutionProperties) = preSolution
		HideSolutionNode = FALSE
	EndGlobalSection
	GlobalSection(NestedProjects) = preSolution
		{005B486B-4DA1-4F2E-9E37-A200BE23D527} = {02EA681E-C7D8-13C7-8484-4AC65E1B71E8}
		{73BD57FB-F44C-4B13-B548-5987FE23CE09} = {02EA681E-C7D8-13C7-8484-4AC65E1B71E8}
		{7347127A-DC72-4160-AF3F-292AC5D69157} = {02EA681E-C7D8-13C7-8484-4AC65E1B71E8}
		{A6F211EC-ECA3-47D9-83E6-2A3C037CAB5F} = {6DA13DC2-A5C7-4575-AF53-925B06937E4F}
		{FC4E2228-CF93-4772-9A3C-2D36069D62A8} = {6DA13DC2-A5C7-4575-AF53-925B06937E4F}
		{03B33BD2-B8D3-47B6-B76A-642A1716DF2B} = {6DA13DC2-A5C7-4575-AF53-925B06937E4F}
		{C575F0D2-13DA-4DCB-ABBE-65ABCA6342B6} = {BC20AEAB-7828-4B64-BA86-3A6A7FCE9768}
		{3BC5404F-6454-4E6E-8E6B-A29454CA12D9} = {BC20AEAB-7828-4B64-BA86-3A6A7FCE9768}
		{B1AB205F-C021-487C-A4CC-F57857C32EB8} = {BC20AEAB-7828-4B64-BA86-3A6A7FCE9768}
		{976A1592-58DB-4D20-A2D6-8BCE015090FB} = {593F2993-97C6-4FE8-A92F-A9B2E241A5EC}
		{7D8AC7FB-F21F-4BE5-82D8-E07F66278D43} = {593F2993-97C6-4FE8-A92F-A9B2E241A5EC}
		{025FF549-52B5-4807-8A8A-FF67A071A190} = {593F2993-97C6-4FE8-A92F-A9B2E241A5EC}
	EndGlobalSection
	GlobalSection(ExtensibilityGlobals) = postSolution
		SolutionGuid = {554A916E-671B-4328-BB65-CE1F77F721A4}
	EndGlobalSection
EndGlobal
